
Microsoft Visual Studio Solution File, Format Version 12.00
# Visual Studio 15
VisualStudioVersion = 15.0.27428.2037
MinimumVisualStudioVersion = 10.0.40219.1
Project("{FAE04EC0-301F-11D3-BF4B-00C04F79EFBC}") = "Badger", "Badger\Badger.csproj", "{6E7A084F-F5C1-421C-97AB-4A778C84E54D}"
EndProject
Project("{FAE04EC0-301F-11D3-BF4B-00C04F79EFBC}") = "Badger.Test", "Badger.Test\Badger.Test.csproj", "{A9A36A3E-2E85-4A2A-8195-C7C9FAC8DCD1}"
EndProject
Global
	GlobalSection(SolutionConfigurationPlatforms) = preSolution
		Debug|Any CPU = Debug|Any CPU
		Release|Any CPU = Release|Any CPU
	EndGlobalSection
	GlobalSection(ProjectConfigurationPlatforms) = postSolution
		{6E7A084F-F5C1-421C-97AB-4A778C84E54D}.Debug|Any CPU.ActiveCfg = Debug|Any CPU
		{6E7A084F-F5C1-421C-97AB-4A778C84E54D}.Debug|Any CPU.Build.0 = Debug|Any CPU
		{6E7A084F-F5C1-421C-97AB-4A778C84E54D}.Release|Any CPU.ActiveCfg = Release|Any CPU
		{6E7A084F-F5C1-421C-97AB-4A778C84E54D}.Release|Any CPU.Build.0 = Release|Any CPU
		{A9A36A3E-2E85-4A2A-8195-C7C9FAC8DCD1}.Debug|Any CPU.ActiveCfg = Debug|Any CPU
		{A9A36A3E-2E85-4A2A-8195-C7C9FAC8DCD1}.Debug|Any CPU.Build.0 = Debug|Any CPU
		{A9A36A3E-2E85-4A2A-8195-C7C9FAC8DCD1}.Release|Any CPU.ActiveCfg = Release|Any CPU
		{A9A36A3E-2E85-4A2A-8195-C7C9FAC8DCD1}.Release|Any CPU.Build.0 = Release|Any CPU
	EndGlobalSection
	GlobalSection(SolutionProperties) = preSolution
		HideSolutionNode = FALSE
	EndGlobalSection
	GlobalSection(ExtensibilityGlobals) = postSolution
		SolutionGuid = {F5F9792B-6AE5-4934-B2FD-FE3509D46864}
	EndGlobalSection
EndGlobal
